{
  "version": "5",
  "specifiers": {
    "jsr:@db/postgres@*": "0.19.5",
    "jsr:@hono/hono@^4.12.14": "4.12.14",
    "jsr:@hono/hono@^4.8.3": "4.12.14",
    "jsr:@hono/zod-validator@~0.7.6": "0.7.6",
    "jsr:@std/assert@^1.0.19": "1.0.19",
    "jsr:@std/bytes@^1.0.5": "1.0.6",
    "jsr:@std/crypto@^1.0.4": "1.1.0",
    "jsr:@std/encoding@^1.0.9": "1.0.10",
    "jsr:@std/fmt@^1.0.6": "1.0.9",
    "jsr:@std/internal@^1.0.12": "1.0.12",
    "jsr:@std/path@^1.0.8": "1.1.4",
    "npm:zod@^4.1.13": "4.3.6",
    "npm:zod@^4.3.6": "4.3.6"
  },
  "jsr": {
    "@db/postgres@0.19.5": {
      "integrity": "afdbe608bd066cda2ee5dba37c416d332098b9238c51aec223331108e281954c",
      "dependencies": [
        "jsr:@std/bytes",
        "jsr:@std/crypto",
        "jsr:@std/encoding",
        "jsr:@std/fmt",
        "jsr:@std/path"
      ]
    },
    "@hono/hono@4.12.14": {
      "integrity": "4eedba4b53f27c8e0db683d515e11ec3b88b8fdc1748e229cd7988d243ca018d"
    },
    "@hono/zod-validator@0.7.6": {
      "integrity": "cc15ec57dd8a49e49d81f1790fb2d35cb96c9d3b8b14d8d0b851c00ab00e50ca",
      "dependencies": [
        "jsr:@hono/hono@^4.8.3",
        "npm:zod@^4.1.13"
      ]
    },
    "@std/assert@1.0.19": {
      "integrity": "eaada96ee120cb980bc47e040f82814d786fe8162ecc53c91d8df60b8755991e",
      "dependencies": [
        "jsr:@std/internal"
      ]
    },
    "@std/bytes@1.0.6": {
      "integrity": "f6ac6adbd8ccd99314045f5703e23af0a68d7f7e58364b47d2c7f408aeb5820a"
    },
    "@std/crypto@1.1.0": {
      "integrity": "b8d6d0a6377a32b213af2661ed7bf1062d94feac0c57def5526a8e74a95c3ec8"
    },
    "@std/encoding@1.0.10": {
      "integrity": "8783c6384a2d13abd5e9e87a7ae0520a30e9f56aeeaa3bdf910a3eaaf5c811a1"
    },
    "@std/fmt@1.0.9": {
      "integrity": "2487343e8899fb2be5d0e3d35013e54477ada198854e52dd05ed0422eddcabe0"
    },
    "@std/internal@1.0.12": {
      "integrity": "972a634fd5bc34b242024402972cd5143eac68d8dffaca5eaa4dba30ce17b027"
    },
    "@std/path@1.1.4": {
      "integrity": "1d2d43f39efb1b42f0b1882a25486647cb851481862dc7313390b2bb044314b5",
      "dependencies": [
        "jsr:@std/internal"
      ]
    }
  },
  "npm": {
    "zod@4.3.6": {
      "integrity": "sha512-rftlrkhHZOcjDwkGlnUtZZkvaPHCsDATp4pGpuOOMDaTdDDXF91wuVDJoWoPsKX/3YPQ5fHuF3STjcYyKr+Qhg=="
    }
  },
  "workspace": {
    "dependencies": [
      "jsr:@hono/hono@^4.12.14",
      "jsr:@hono/zod-validator@~0.7.6",
      "jsr:@std/assert@^1.0.19",
      "npm:zod@^4.3.6"
    ]
  }
}
