{
  "version": "5",
  "specifiers": {
    "jsr:@hono/hono@^4.12.14": "4.12.14",
    "jsr:@hono/hono@^4.8.3": "4.12.14",
    "jsr:@hono/zod-validator@~0.7.6": "0.7.6",
    "jsr:@std/assert@^1.0.19": "1.0.19",
    "jsr:@std/internal@^1.0.12": "1.0.12",
    "npm:zod@^4.1.13": "4.3.6",
    "npm:zod@^4.3.6": "4.3.6"
  },
  "jsr": {
    "@hono/hono@4.12.14": {
      "integrity": "4eedba4b53f27c8e0db683d515e11ec3b88b8fdc1748e229cd7988d243ca018d"
    },
    "@hono/zod-validator@0.7.6": {
      "integrity": "cc15ec57dd8a49e49d81f1790fb2d35cb96c9d3b8b14d8d0b851c00ab00e50ca",
      "dependencies": [
        "jsr:@hono/hono@^4.8.3",
        "npm:zod@^4.1.13"
      ]
    },
    "@std/assert@1.0.19": {
      "integrity": "eaada96ee120cb980bc47e040f82814d786fe8162ecc53c91d8df60b8755991e",
      "dependencies": [
        "jsr:@std/internal"
      ]
    },
    "@std/internal@1.0.12": {
      "integrity": "972a634fd5bc34b242024402972cd5143eac68d8dffaca5eaa4dba30ce17b027"
    }
  },
  "npm": {
    "zod@4.3.6": {
      "integrity": "sha512-rftlrkhHZOcjDwkGlnUtZZkvaPHCsDATp4pGpuOOMDaTdDDXF91wuVDJoWoPsKX/3YPQ5fHuF3STjcYyKr+Qhg=="
    }
  },
  "workspace": {
    "dependencies": [
      "jsr:@hono/hono@^4.12.14",
      "jsr:@hono/zod-validator@~0.7.6",
      "jsr:@std/assert@^1.0.19",
      "npm:zod@^4.3.6"
    ]
  }
}
